// !$*UTF8*$!
{
	archiveVersion = 1;
	classes = {
	};
	objectVersion = 51;
	objects = {

/* Begin PBXBuildFile section */
		642D1AF422D0A08900FE2C1A /* SecondViewController.swift in Sources */ = {isa = PBXBuildFile; fileRef = 642D1AF322D0A08900FE2C1A /* SecondViewController.swift */; };
		642D1AF622D0A3B800FE2C1A /* NewTableViewCell.swift in Sources */ = {isa = PBXBuildFile; fileRef = 642D1AF522D0A3B800FE2C1A /* NewTableViewCell.swift */; };
		642D1AFF22D0E94200FE2C1A /* TableViewController.swift in Sources */ = {isa = PBXBuildFile; fileRef = 642D1AFE22D0E94200FE2C1A /* TableViewController.swift */; };
		644842DA22CF74C40051D74F /* AppDelegate.swift in Sources */ = {isa = PBXBuildFile; fileRef = 644842D922CF74C40051D74F /* AppDelegate.swift */; };
		644842DC22CF74C40051D74F /* ViewController.swift in Sources */ = {isa = PBXBuildFile; fileRef = 644842DB22CF74C40051D74F /* ViewController.swift */; };
		644842DF22CF74C40051D74F /* Main.storyboard in Resources */ = {isa = PBXBuildFile; fileRef = 644842DD22CF74C40051D74F /* Main.storyboard */; };
		644842E122CF74C80051D74F /* Assets.xcassets in Resources */ = {isa = PBXBuildFile; fileRef = 644842E022CF74C80051D74F /* Assets.xcassets */; };
		644842E422CF74C80051D74F /* LaunchScreen.storyboard in Resources */ = {isa = PBXBuildFile; fileRef = 644842E222CF74C80051D74F /* LaunchScreen.storyboard */; };
		B9028CDEC15F7DB1FCF5D962 /* Pods_day09.framework in Frameworks */ = {isa = PBXBuildFile; fileRef = 4D3322CE64059AD435099B16 /* Pods_day09.framework */; };
/* End PBXBuildFile section */

/* Begin PBXFileReference section */
		4D3322CE64059AD435099B16 /* Pods_day09.framework */ = {isa = PBXFileReference; explicitFileType = wrapper.framework; includeInIndex = 0; path = Pods_day09.framework; sourceTree = BUILT_PRODUCTS_DIR; };
		642D1AF322D0A08900FE2C1A /* SecondViewController.swift */ = {isa = PBXFileReference; lastKnownFileType = sourcecode.swift; path = SecondViewController.swift; sourceTree = "<group>"; };
		642D1AF522D0A3B800FE2C1A /* NewTableViewCell.swift */ = {isa = PBXFileReference; lastKnownFileType = sourcecode.swift; path = NewTableViewCell.swift; sourceTree = "<group>"; };
		642D1AFE22D0E94200FE2C1A /* TableViewController.swift */ = {isa = PBXFileReference; lastKnownFileType = sourcecode.swift; path = TableViewController.swift; sourceTree = "<group>"; };
		644842D622CF74C40051D74F /* day09.app */ = {isa = PBXFileReference; explicitFileType = wrapper.application; includeInIndex = 0; path = day09.app; sourceTree = BUILT_PRODUCTS_DIR; };
		644842D922CF74C40051D74F /* AppDelegate.swift */ = {isa = PBXFileReference; lastKnownFileType = sourcecode.swift; path = AppDelegate.swift; sourceTree = "<group>"; };
		644842DB22CF74C40051D74F /* ViewController.swift */ = {isa = PBXFileReference; lastKnownFileType = sourcecode.swift; path = ViewController.swift; sourceTree = "<group>"; };
		644842DE22CF74C40051D74F /* Base */ = {isa = PBXFileReference; lastKnownFileType = file.storyboard; name = Base; path = Base.lproj/Main.storyboard; sourceTree = "<group>"; };
		644842E022CF74C80051D74F /* Assets.xcassets */ = {isa = PBXFileReference; lastKnownFileType = folder.assetcatalog; path = Assets.xcassets; sourceTree = "<group>"; };
		644842E322CF74C80051D74F /* Base */ = {isa = PBXFileReference; lastKnownFileType = file.storyboard; name = Base; path = Base.lproj/LaunchScreen.storyboard; sourceTree = "<group>"; };
		644842E522CF74C80051D74F /* Info.plist */ = {isa = PBXFileReference; lastKnownFileType = text.plist.xml; path = Info.plist; sourceTree = "<group>"; };
		6F3AA53EBA5E2968DB4523F3 /* Pods-day09.release.xcconfig */ = {isa = PBXFileReference; includeInIndex = 1; lastKnownFileType = text.xcconfig; name = "Pods-day09.release.xcconfig"; path = "Target Support Files/Pods-day09/Pods-day09.release.xcconfig"; sourceTree = "<group>"; };
		F8D011EE68F1C05B387EACF7 /* Pods-day09.debug.xcconfig */ = {isa = PBXFileReference; includeInIndex = 1; lastKnownFileType = text.xcconfig; name = "Pods-day09.debug.xcconfig"; path = "Target Support Files/Pods-day09/Pods-day09.debug.xcconfig"; sourceTree = "<group>"; };
/* End PBXFileReference section */

/* Begin PBXFrameworksBuildPhase section */
		644842D322CF74C40051D74F /* Frameworks */ = {
			isa = PBXFrameworksBuildPhase;
			buildActionMask = 2147483647;
			files = (
				B9028CDEC15F7DB1FCF5D962 /* Pods_day09.framework in Frameworks */,
			);
			runOnlyForDeploymentPostprocessing = 0;
		};
/* End PBXFrameworksBuildPhase section */

/* Begin PBXGroup section */
		644842CD22CF74C40051D74F = {
			isa = PBXGroup;
			children = (
				644842D822CF74C40051D74F /* day09 */,
				644842D722CF74C40051D74F /* Products */,
				E3042847E1B9EA3A3D02015D /* Pods */,
				CB96E80F00309499387E6ACB /* Frameworks */,
			);
			sourceTree = "<group>";
		};
		644842D722CF74C40051D74F /* Products */ = {
			isa = PBXGroup;
			children = (
				644842D622CF74C40051D74F /* day09.app */,
			);
			name = Products;
			sourceTree = "<group>";
		};
		644842D822CF74C40051D74F /* day09 */ = {
			isa = PBXGroup;
			children = (
				644842D922CF74C40051D74F /* AppDelegate.swift */,
				644842DB22CF74C40051D74F /* ViewController.swift */,
				642D1AF322D0A08900FE2C1A /* SecondViewController.swift */,
				642D1AF522D0A3B800FE2C1A /* NewTableViewCell.swift */,
				644842DD22CF74C40051D74F /* Main.storyboard */,
				644842E022CF74C80051D74F /* Assets.xcassets */,
				642D1AFE22D0E94200FE2C1A /* TableViewController.swift */,
				644842E222CF74C80051D74F /* LaunchScreen.storyboard */,
				644842E522CF74C80051D74F /* Info.plist */,
			);
			path = day09;
			sourceTree = "<group>";
		};
		CB96E80F00309499387E6ACB /* Frameworks */ = {
			isa = PBXGroup;
			children = (
				4D3322CE64059AD435099B16 /* Pods_day09.framework */,
			);
			name = Frameworks;
			sourceTree = "<group>";
		};
		E3042847E1B9EA3A3D02015D /* Pods */ = {
			isa = PBXGroup;
			children = (
				F8D011EE68F1C05B387EACF7 /* Pods-day09.debug.xcconfig */,
				6F3AA53EBA5E2968DB4523F3 /* Pods-day09.release.xcconfig */,
			);
			path = Pods;
			sourceTree = "<group>";
		};
/* End PBXGroup section */

/* Begin PBXNativeTarget section */
		644842D522CF74C40051D74F /* day09 */ = {
			isa = PBXNativeTarget;
			buildConfigurationList = 644842E822CF74C80051D74F /* Build configuration list for PBXNativeTarget "day09" */;
			buildPhases = (
				F23B7233504B26610252D464 /* [CP] Check Pods Manifest.lock */,
				644842D222CF74C40051D74F /* Sources */,
				644842D322CF74C40051D74F /* Frameworks */,
				644842D422CF74C40051D74F /* Resources */,
				B5B65AC13D8040D98A848D6A /* [CP] Embed Pods Frameworks */,
			);
			buildRules = (
			);
			dependencies = (
			);
			name = day09;
			productName = day09;
			productReference = 644842D622CF74C40051D74F /* day09.app */;
			productType = "com.apple.product-type.application";
		};
/* End PBXNativeTarget section */

/* Begin PBXProject section */
		644842CE22CF74C40051D74F /* Project object */ = {
			isa = PBXProject;
			attributes = {
				LastSwiftUpdateCheck = 1020;
				LastUpgradeCheck = 1020;
				ORGANIZATIONNAME = "Yaroslava HLIBOCHKO";
				TargetAttributes = {
					644842D522CF74C40051D74F = {
						CreatedOnToolsVersion = 10.2.1;
					};
				};
			};
			buildConfigurationList = 644842D122CF74C40051D74F /* Build configuration list for PBXProject "day09" */;
			compatibilityVersion = "Xcode 9.3";
			developmentRegion = en;
			hasScannedForEncodings = 0;
			knownRegions = (
				en,
				Base,
			);
			mainGroup = 644842CD22CF74C40051D74F;
			productRefGroup = 644842D722CF74C40051D74F /* Products */;
			projectDirPath = "";
			projectRoot = "";
			targets = (
				644842D522CF74C40051D74F /* day09 */,
			);
		};
/* End PBXProject section */

/* Begin PBXResourcesBuildPhase section */
		644842D422CF74C40051D74F /* Resources */ = {
			isa = PBXResourcesBuildPhase;
			buildActionMask = 2147483647;
			files = (
				644842E422CF74C80051D74F /* LaunchScreen.storyboard in Resources */,
				644842E122CF74C80051D74F /* Assets.xcassets in Resources */,
				644842DF22CF74C40051D74F /* Main.storyboard in Resources */,
			);
			runOnlyForDeploymentPostprocessing = 0;
		};
/* End PBXResourcesBuildPhase section */

/* Begin PBXShellScriptBuildPhase section */
		B5B65AC13D8040D98A848D6A /* [CP] Embed Pods Frameworks */ = {
			isa = PBXShellScriptBuildPhase;
			buildActionMask = 2147483647;
			files = (
			);
			inputFileListPaths = (
				"${PODS_ROOT}/Target Support Files/Pods-day09/Pods-day09-frameworks-${CONFIGURATION}-input-files.xcfilelist",
			);
			name = "[CP] Embed Pods Frameworks";
			outputFileListPaths = (
				"${PODS_ROOT}/Target Support Files/Pods-day09/Pods-day09-frameworks-${CONFIGURATION}-output-files.xcfilelist",
			);
			runOnlyForDeploymentPostprocessing = 0;
			shellPath = /bin/sh;
			shellScript = "\"${PODS_ROOT}/Target Support Files/Pods-day09/Pods-day09-frameworks.sh\"\n";
			showEnvVarsInLog = 0;
		};
		F23B7233504B26610252D464 /* [CP] Check Pods Manifest.lock */ = {
			isa = PBXShellScriptBuildPhase;
			buildActionMask = 2147483647;
			files = (
			);
			inputFileListPaths = (
			);
			inputPaths = (
				"${PODS_PODFILE_DIR_PATH}/Podfile.lock",
				"${PODS_ROOT}/Manifest.lock",
			);
			name = "[CP] Check Pods Manifest.lock";
			outputFileListPaths = (
			);
			outputPaths = (
				"$(DERIVED_FILE_DIR)/Pods-day09-checkManifestLockResult.txt",
			);
			runOnlyForDeploymentPostprocessing = 0;
			shellPath = /bin/sh;
			shellScript = "diff \"${PODS_PODFILE_DIR_PATH}/Podfile.lock\" \"${PODS_ROOT}/Manifest.lock\" > /dev/null\nif [ $? != 0 ] ; then\n    # print error to STDERR\n    echo \"error: The sandbox is not in sync with the Podfile.lock. Run 'pod install' or update your CocoaPods installation.\" >&2\n    exit 1\nfi\n# This output is used by Xcode 'outputs' to avoid re-running this script phase.\necho \"SUCCESS\" > \"${SCRIPT_OUTPUT_FILE_0}\"\n";
			showEnvVarsInLog = 0;
		};
/* End PBXShellScriptBuildPhase section */

/* Begin PBXSourcesBuildPhase section */
		644842D222CF74C40051D74F /* Sources */ = {
			isa = PBXSourcesBuildPhase;
			buildActionMask = 2147483647;
			files = (
				642D1AF422D0A08900FE2C1A /* SecondViewController.swift in Sources */,
				644842DC22CF74C40051D74F /* ViewController.swift in Sources */,
				642D1AF622D0A3B800FE2C1A /* NewTableViewCell.swift in Sources */,
				642D1AFF22D0E94200FE2C1A /* TableViewController.swift in Sources */,
				644842DA22CF74C40051D74F /* AppDelegate.swift in Sources */,
			);
			runOnlyForDeploymentPostprocessing = 0;
		};
/* End PBXSourcesBuildPhase section */

/* Begin PBXVariantGroup section */
		644842DD22CF74C40051D74F /* Main.storyboard */ = {
			isa = PBXVariantGroup;
			children = (
				644842DE22CF74C40051D74F /* Base */,
			);
			name = Main.storyboard;
			sourceTree = "<group>";
		};
		644842E222CF74C80051D74F /* LaunchScreen.storyboard */ = {
			isa = PBXVariantGroup;
			children = (
				644842E322CF74C80051D74F /* Base */,
			);
			name = LaunchScreen.storyboard;
			sourceTree = "<group>";
		};
/* End PBXVariantGroup section */

/* Begin XCBuildConfiguration section */
		644842E622CF74C80051D74F /* Debug */ = {
			isa = XCBuildConfiguration;
			buildSettings = {
				ALWAYS_SEARCH_USER_PATHS = NO;
				CLANG_ANALYZER_NONNULL = YES;
				CLANG_ANALYZER_NUMBER_OBJECT_CONVERSION = YES_AGGRESSIVE;
				CLANG_CXX_LANGUAGE_STANDARD = "gnu++14";
				CLANG_CXX_LIBRARY = "libc++";
				CLANG_ENABLE_MODULES = YES;
				CLANG_ENABLE_OBJC_ARC = YES;
				CLANG_ENABLE_OBJC_WEAK = YES;
				CLANG_WARN_BLOCK_CAPTURE_AUTORELEASING = YES;
				CLANG_WARN_BOOL_CONVERSION = YES;
				CLANG_WARN_COMMA = YES;
				CLANG_WARN_CONSTANT_CONVERSION = YES;
				CLANG_WARN_DEPRECATED_OBJC_IMPLEMENTATIONS = YES;
				CLANG_WARN_DIRECT_OBJC_ISA_USAGE = YES_ERROR;
				CLANG_WARN_DOCUMENTATION_COMMENTS = YES;
				CLANG_WARN_EMPTY_BODY = YES;
				CLANG_WARN_ENUM_CONVERSION = YES;
				CLANG_WARN_INFINITE_RECURSION = YES;
				CLANG_WARN_INT_CONVERSION = YES;
				CLANG_WARN_NON_LITERAL_NULL_CONVERSION = YES;
				CLANG_WARN_OBJC_IMPLICIT_RETAIN_SELF = YES;
				CLANG_WARN_OBJC_LITERAL_CONVERSION = YES;
				CLANG_WARN_OBJC_ROOT_CLASS = YES_ERROR;
				CLANG_WARN_RANGE_LOOP_ANALYSIS = YES;
				CLANG_WARN_STRICT_PROTOTYPES = YES;
				CLANG_WARN_SUSPICIOUS_MOVE = YES;
				CLANG_WARN_UNGUARDED_AVAILABILITY = YES_AGGRESSIVE;
				CLANG_WARN_UNREACHABLE_CODE = YES;
				CLANG_WARN__DUPLICATE_METHOD_MATCH = YES;
				CODE_SIGN_IDENTITY = "iPhone Developer";
				COPY_PHASE_STRIP = NO;
				DEBUG_INFORMATION_FORMAT = dwarf;
				ENABLE_STRICT_OBJC_MSGSEND = YES;
				ENABLE_TESTABILITY = YES;
				GCC_C_LANGUAGE_STANDARD = gnu11;
				GCC_DYNAMIC_NO_PIC = NO;
				GCC_NO_COMMON_BLOCKS = YES;
				GCC_OPTIMIZATION_LEVEL = 0;
				GCC_PREPROCESSOR_DEFINITIONS = (
					"DEBUG=1",
					"$(inherited)",
				);
				GCC_WARN_64_TO_32_BIT_CONVERSION = YES;
				GCC_WARN_ABOUT_RETURN_TYPE = YES_ERROR;
				GCC_WARN_UNDECLARED_SELECTOR = YES;
				GCC_WARN_UNINITIALIZED_AUTOS = YES_AGGRESSIVE;
				GCC_WARN_UNUSED_FUNCTION = YES;
				GCC_WARN_UNUSED_VARIABLE = YES;
				IPHONEOS_DEPLOYMENT_TARGET = 12.2;
				MTL_ENABLE_DEBUG_INFO = INCLUDE_SOURCE;
				MTL_FAST_MATH = YES;
				ONLY_ACTIVE_ARCH = YES;
				SDKROOT = iphoneos;
				SWIFT_ACTIVE_COMPILATION_CONDITIONS = DEBUG;
				SWIFT_OPTIMIZATION_LEVEL = "-Onone";
			};
			name = Debug;
		};
		644842E722CF74C80051D74F /* Release */ = {
			isa = XCBuildConfiguration;
			buildSettings = {
				ALWAYS_SEARCH_USER_PATHS = NO;
				CLANG_ANALYZER_NONNULL = YES;
				CLANG_ANALYZER_NUMBER_OBJECT_CONVERSION = YES_AGGRESSIVE;
				CLANG_CXX_LANGUAGE_STANDARD = "gnu++14";
				CLANG_CXX_LIBRARY = "libc++";
				CLANG_ENABLE_MODULES = YES;
				CLANG_ENABLE_OBJC_ARC = YES;
				CLANG_ENABLE_OBJC_WEAK = YES;
				CLANG_WARN_BLOCK_CAPTURE_AUTORELEASING = YES;
				CLANG_WARN_BOOL_CONVERSION = YES;
				CLANG_WARN_COMMA = YES;
				CLANG_WARN_CONSTANT_CONVERSION = YES;
				CLANG_WARN_DEPRECATED_OBJC_IMPLEMENTATIONS = YES;
				CLANG_WARN_DIRECT_OBJC_ISA_USAGE = YES_ERROR;
				CLANG_WARN_DOCUMENTATION_COMMENTS = YES;
				CLANG_WARN_EMPTY_BODY = YES;
				CLANG_WARN_ENUM_CONVERSION = YES;
				CLANG_WARN_INFINITE_RECURSION = YES;
				CLANG_WARN_INT_CONVERSION = YES;
				CLANG_WARN_NON_LITERAL_NULL_CONVERSION = YES;
				CLANG_WARN_OBJC_IMPLICIT_RETAIN_SELF = YES;
				CLANG_WARN_OBJC_LITERAL_CONVERSION = YES;
				CLANG_WARN_OBJC_ROOT_CLASS = YES_ERROR;
				CLANG_WARN_RANGE_LOOP_ANALYSIS = YES;
				CLANG_WARN_STRICT_PROTOTYPES = YES;
				CLANG_WARN_SUSPICIOUS_MOVE = YES;
				CLANG_WARN_UNGUARDED_AVAILABILITY = YES_AGGRESSIVE;
				CLANG_WARN_UNREACHABLE_CODE = YES;
				CLANG_WARN__DUPLICATE_METHOD_MATCH = YES;
				CODE_SIGN_IDENTITY = "iPhone Developer";
				COPY_PHASE_STRIP = NO;
				DEBUG_INFORMATION_FORMAT = "dwarf-with-dsym";
				ENABLE_NS_ASSERTIONS = NO;
				ENABLE_STRICT_OBJC_MSGSEND = YES;
				GCC_C_LANGUAGE_STANDARD = gnu11;
				GCC_NO_COMMON_BLOCKS = YES;
				GCC_WARN_64_TO_32_BIT_CONVERSION = YES;
				GCC_WARN_ABOUT_RETURN_TYPE = YES_ERROR;
				GCC_WARN_UNDECLARED_SELECTOR = YES;
				GCC_WARN_UNINITIALIZED_AUTOS = YES_AGGRESSIVE;
				GCC_WARN_UNUSED_FUNCTION = YES;
				GCC_WARN_UNUSED_VARIABLE = YES;
				IPHONEOS_DEPLOYMENT_TARGET = 12.2;
				MTL_ENABLE_DEBUG_INFO = NO;
				MTL_FAST_MATH = YES;
				SDKROOT = iphoneos;
				SWIFT_COMPILATION_MODE = wholemodule;
				SWIFT_OPTIMIZATION_LEVEL = "-O";
				VALIDATE_PRODUCT = YES;
			};
			name = Release;
		};
		644842E922CF74C80051D74F /* Debug */ = {
			isa = XCBuildConfiguration;
			baseConfigurationReference = F8D011EE68F1C05B387EACF7 /* Pods-day09.debug.xcconfig */;
			buildSettings = {
				ASSETCATALOG_COMPILER_APPICON_NAME = AppIcon;
				CODE_SIGN_STYLE = Automatic;
				DEVELOPMENT_TEAM = VT5BZ37CZN;
				INFOPLIST_FILE = day09/Info.plist;
				LD_RUNPATH_SEARCH_PATHS = (
					"$(inherited)",
					"@executable_path/Frameworks",
				);
				PRODUCT_BUNDLE_IDENTIFIER = UnitFactory.day09;
				PRODUCT_NAME = "$(TARGET_NAME)";
				SWIFT_VERSION = 5.0;
				TARGETED_DEVICE_FAMILY = "1,2";
			};
			name = Debug;
		};
		644842EA22CF74C80051D74F /* Release */ = {
			isa = XCBuildConfiguration;
			baseConfigurationReference = 6F3AA53EBA5E2968DB4523F3 /* Pods-day09.release.xcconfig */;
			buildSettings = {
				ASSETCATALOG_COMPILER_APPICON_NAME = AppIcon;
				CODE_SIGN_STYLE = Automatic;
				DEVELOPMENT_TEAM = VT5BZ37CZN;
				INFOPLIST_FILE = day09/Info.plist;
				LD_RUNPATH_SEARCH_PATHS = (
					"$(inherited)",
					"@executable_path/Frameworks",
				);
				PRODUCT_BUNDLE_IDENTIFIER = UnitFactory.day09;
				PRODUCT_NAME = "$(TARGET_NAME)";
				SWIFT_VERSION = 5.0;
				TARGETED_DEVICE_FAMILY = "1,2";
			};
			name = Release;
		};
/* End XCBuildConfiguration section */

/* Begin XCConfigurationList section */
		644842D122CF74C40051D74F /* Build configuration list for PBXProject "day09" */ = {
			isa = XCConfigurationList;
			buildConfigurations = (
				644842E622CF74C80051D74F /* Debug */,
				644842E722CF74C80051D74F /* Release */,
			);
			defaultConfigurationIsVisible = 0;
			defaultConfigurationName = Release;
		};
		644842E822CF74C80051D74F /* Build configuration list for PBXNativeTarget "day09" */ = {
			isa = XCConfigurationList;
			buildConfigurations = (
				644842E922CF74C80051D74F /* Debug */,
				644842EA22CF74C80051D74F /* Release */,
			);
			defaultConfigurationIsVisible = 0;
			defaultConfigurationName = Release;
		};
/* End XCConfigurationList section */
	};
	rootObject = 644842CE22CF74C40051D74F /* Project object */;
}
